
Microsoft Visual Studio Solution File, Format Version 12.00
# Visual Studio 15
Project("{FAE04EC0-301F-11D3-BF4B-00C04F79EFBC}") = "NCUT20181009", "NCUT20181009.csproj", "{2C769F69-C4C5-80C6-54D6-08D44B55E2C3}"
EndProject
Project("{FAE04EC0-301F-11D3-BF4B-00C04F79EFBC}") = "NCUT20181009.Editor", "NCUT20181009.Editor.csproj", "{06A4A057-7D22-7E64-CD0D-47DF8C9B46CD}"
EndProject
Global
	GlobalSection(SolutionConfigurationPlatforms) = preSolution
		Debug|Any CPU = Debug|Any CPU
		Release|Any CPU = Release|Any CPU
	EndGlobalSection
	GlobalSection(ProjectConfigurationPlatforms) = postSolution
		{2C769F69-C4C5-80C6-54D6-08D44B55E2C3}.Debug|Any CPU.ActiveCfg = Debug|Any CPU
		{2C769F69-C4C5-80C6-54D6-08D44B55E2C3}.Debug|Any CPU.Build.0 = Debug|Any CPU
		{2C769F69-C4C5-80C6-54D6-08D44B55E2C3}.Release|Any CPU.ActiveCfg = Release|Any CPU
		{2C769F69-C4C5-80C6-54D6-08D44B55E2C3}.Release|Any CPU.Build.0 = Release|Any CPU
		{06A4A057-7D22-7E64-CD0D-47DF8C9B46CD}.Debug|Any CPU.ActiveCfg = Debug|Any CPU
		{06A4A057-7D22-7E64-CD0D-47DF8C9B46CD}.Debug|Any CPU.Build.0 = Debug|Any CPU
		{06A4A057-7D22-7E64-CD0D-47DF8C9B46CD}.Release|Any CPU.ActiveCfg = Release|Any CPU
		{06A4A057-7D22-7E64-CD0D-47DF8C9B46CD}.Release|Any CPU.Build.0 = Release|Any CPU
	EndGlobalSection
	GlobalSection(SolutionProperties) = preSolution
		HideSolutionNode = FALSE
	EndGlobalSection
EndGlobal
